// !$*UTF8*$!
{
	archiveVersion = 1;
	classes = {
	};
	objectVersion = 46;
	objects = {

/* Begin PBXBuildFile section */
		736066641776F53B00D8DC62 /* main.c in Sources */ = {isa = PBXBuildFile; fileRef = 736066631776F53B00D8DC62 /* main.c */; };
		736066661776F53B00D8DC62 /* Turkey.1 in CopyFiles */ = {isa = PBXBuildFile; fileRef = 736066651776F53B00D8DC62 /* Turkey.1 */; };
/* End PBXBuildFile section */

/* Begin PBXCopyFilesBuildPhase section */
		7360665E1776F53B00D8DC62 /* CopyFiles */ = {
			isa = PBXCopyFilesBuildPhase;
			buildActionMask = 2147483647;
			dstPath = /usr/share/man/man1/;
			dstSubfolderSpec = 0;
			files = (
				736066661776F53B00D8DC62 /* Turkey.1 in CopyFiles */,
			);
			runOnlyForDeploymentPostprocessing = 1;
		};
/* End PBXCopyFilesBuildPhase section */

/* Begin PBXFileReference section */
		736066601776F53B00D8DC62 /* Turkey */ = {isa = PBXFileReference; explicitFileType = "compiled.mach-o.executable"; includeInIndex = 0; path = Turkey; sourceTree = BUILT_PRODUCTS_DIR; };
		736066631776F53B00D8DC62 /* main.c */ = {isa = PBXFileReference; lastKnownFileType = sourcecode.c.c; path = main.c; sourceTree = "<group>"; };
		736066651776F53B00D8DC62 /* Turkey.1 */ = {isa = PBXFileReference; lastKnownFileType = text.man; path = Turkey.1; sourceTree = "<group>"; };
/* End PBXFileReference section */

/* Begin PBXFrameworksBuildPhase section */
		7360665D1776F53B00D8DC62 /* Frameworks */ = {
			isa = PBXFrameworksBuildPhase;
			buildActionMask = 2147483647;
			files = (
			);
			runOnlyForDeploymentPostprocessing = 0;
		};
/* End PBXFrameworksBuildPhase section */

/* Begin PBXGroup section */
		736066571776F53B00D8DC62 = {
			isa = PBXGroup;
			children = (
				736066621776F53B00D8DC62 /* Turkey */,
				736066611776F53B00D8DC62 /* Products */,
			);
			sourceTree = "<group>";
		};
		736066611776F53B00D8DC62 /* Products */ = {
			isa = PBXGroup;
			children = (
				736066601776F53B00D8DC62 /* Turkey */,
			);
			name = Products;
			sourceTree = "<group>";
		};
		736066621776F53B00D8DC62 /* Turkey */ = {
			isa = PBXGroup;
			children = (
				736066631776F53B00D8DC62 /* main.c */,
				736066651776F53B00D8DC62 /* Turkey.1 */,
			);
			path = Turkey;
			sourceTree = "<group>";
		};
/* End PBXGroup section */

/* Begin PBXNativeTarget section */
		7360665F1776F53B00D8DC62 /* Turkey */ = {
			isa = PBXNativeTarget;
			buildConfigurationList = 736066691776F53B00D8DC62 /* Build configuration list for PBXNativeTarget "Turkey" */;
			buildPhases = (
				7360665C1776F53B00D8DC62 /* Sources */,
				7360665D1776F53B00D8DC62 /* Frameworks */,
				7360665E1776F53B00D8DC62 /* CopyFiles */,
			);
			buildRules = (
			);
			dependencies = (
			);
			name = Turkey;
			productName = Turkey;
			productReference = 736066601776F53B00D8DC62 /* Turkey */;
			productType = "com.apple.product-type.tool";
		};
/* End PBXNativeTarget section */

/* Begin PBXProject section */
		736066581776F53B00D8DC62 /* Project object */ = {
			isa = PBXProject;
			attributes = {
				LastUpgradeCheck = 0460;
				ORGANIZATIONNAME = "原田 勝信";
			};
			buildConfigurationList = 7360665B1776F53B00D8DC62 /* Build configuration list for PBXProject "Turkey" */;
			compatibilityVersion = "Xcode 3.2";
			developmentRegion = English;
			hasScannedForEncodings = 0;
			knownRegions = (
				en,
			);
			mainGroup = 736066571776F53B00D8DC62;
			productRefGroup = 736066611776F53B00D8DC62 /* Products */;
			projectDirPath = "";
			projectRoot = "";
			targets = (
				7360665F1776F53B00D8DC62 /* Turkey */,
			);
		};
/* End PBXProject section */

/* Begin PBXSourcesBuildPhase section */
		7360665C1776F53B00D8DC62 /* Sources */ = {
			isa = PBXSourcesBuildPhase;
			buildActionMask = 2147483647;
			files = (
				736066641776F53B00D8DC62 /* main.c in Sources */,
			);
			runOnlyForDeploymentPostprocessing = 0;
		};
/* End PBXSourcesBuildPhase section */

/* Begin XCBuildConfiguration section */
		736066671776F53B00D8DC62 /* Debug */ = {
			isa = XCBuildConfiguration;
			buildSettings = {
				ALWAYS_SEARCH_USER_PATHS = NO;
				ARCHS = "$(ARCHS_STANDARD_64_BIT)";
				CLANG_CXX_LANGUAGE_STANDARD = "gnu++0x";
				CLANG_CXX_LIBRARY = "libc++";
				CLANG_ENABLE_OBJC_ARC = YES;
				CLANG_WARN_CONSTANT_CONVERSION = YES;
				CLANG_WARN_EMPTY_BODY = YES;
				CLANG_WARN_ENUM_CONVERSION = YES;
				CLANG_WARN_INT_CONVERSION = YES;
				CLANG_WARN__DUPLICATE_METHOD_MATCH = YES;
				COPY_PHASE_STRIP = NO;
				GCC_C_LANGUAGE_STANDARD = gnu99;
				GCC_DYNAMIC_NO_PIC = NO;
				GCC_ENABLE_OBJC_EXCEPTIONS = YES;
				GCC_OPTIMIZATION_LEVEL = 0;
				GCC_PREPROCESSOR_DEFINITIONS = (
					"DEBUG=1",
					"$(inherited)",
				);
				GCC_SYMBOLS_PRIVATE_EXTERN = NO;
				GCC_WARN_64_TO_32_BIT_CONVERSION = YES;
				GCC_WARN_ABOUT_RETURN_TYPE = YES;
				GCC_WARN_UNINITIALIZED_AUTOS = YES;
				GCC_WARN_UNUSED_VARIABLE = YES;
				MACOSX_DEPLOYMENT_TARGET = 10.8;
				ONLY_ACTIVE_ARCH = YES;
				SDKROOT = macosx;
			};
			name = Debug;
		};
		736066681776F53B00D8DC62 /* Release */ = {
			isa = XCBuildConfiguration;
			buildSettings = {
				ALWAYS_SEARCH_USER_PATHS = NO;
				ARCHS = "$(ARCHS_STANDARD_64_BIT)";
				CLANG_CXX_LANGUAGE_STANDARD = "gnu++0x";
				CLANG_CXX_LIBRARY = "libc++";
				CLANG_ENABLE_OBJC_ARC = YES;
				CLANG_WARN_CONSTANT_CONVERSION = YES;
				CLANG_WARN_EMPTY_BODY = YES;
				CLANG_WARN_ENUM_CONVERSION = YES;
				CLANG_WARN_INT_CONVERSION = YES;
				CLANG_WARN__DUPLICATE_METHOD_MATCH = YES;
				COPY_PHASE_STRIP = YES;
				DEBUG_INFORMATION_FORMAT = "dwarf-with-dsym";
				GCC_C_LANGUAGE_STANDARD = gnu99;
				GCC_ENABLE_OBJC_EXCEPTIONS = YES;
				GCC_WARN_64_TO_32_BIT_CONVERSION = YES;
				GCC_WARN_ABOUT_RETURN_TYPE = YES;
				GCC_WARN_UNINITIALIZED_AUTOS = YES;
				GCC_WARN_UNUSED_VARIABLE = YES;
				MACOSX_DEPLOYMENT_TARGET = 10.8;
				SDKROOT = macosx;
			};
			name = Release;
		};
		7360666A1776F53B00D8DC62 /* Debug */ = {
			isa = XCBuildConfiguration;
			buildSettings = {
				PRODUCT_NAME = "$(TARGET_NAME)";
			};
			name = Debug;
		};
		7360666B1776F53B00D8DC62 /* Release */ = {
			isa = XCBuildConfiguration;
			buildSettings = {
				PRODUCT_NAME = "$(TARGET_NAME)";
			};
			name = Release;
		};
/* End XCBuildConfiguration section */

/* Begin XCConfigurationList section */
		7360665B1776F53B00D8DC62 /* Build configuration list for PBXProject "Turkey" */ = {
			isa = XCConfigurationList;
			buildConfigurations = (
				736066671776F53B00D8DC62 /* Debug */,
				736066681776F53B00D8DC62 /* Release */,
			);
			defaultConfigurationIsVisible = 0;
			defaultConfigurationName = Release;
		};
		736066691776F53B00D8DC62 /* Build configuration list for PBXNativeTarget "Turkey" */ = {
			isa = XCConfigurationList;
			buildConfigurations = (
				7360666A1776F53B00D8DC62 /* Debug */,
				7360666B1776F53B00D8DC62 /* Release */,
			);
			defaultConfigurationIsVisible = 0;
		};
/* End XCConfigurationList section */
	};
	rootObject = 736066581776F53B00D8DC62 /* Project object */;
}
